
Microsoft Visual Studio Solution File, Format Version 12.00
# Visual Studio 15
Project("{FAE04EC0-301F-11D3-BF4B-00C04F79EFBC}") = "CubeIntersection.Domain", "CubeIntersection.Domain\CubeIntersection.Domain.csproj", "{784702F6-04EA-4346-8CFF-31BEA023D2DF}"
EndProject
Project("{FAE04EC0-301F-11D3-BF4B-00C04F79EFBC}") = "CubeIntersection.UnitTest", "CubeIntersection.UnitTest\CubeIntersection.UnitTest.csproj", "{5DB08C75-7EA1-44C0-8059-BA71C50943B2}"
EndProject
Global
	GlobalSection(SolutionConfigurationPlatforms) = preSolution
		Debug|Any CPU = Debug|Any CPU
		Release|Any CPU = Release|Any CPU
	EndGlobalSection
	GlobalSection(ProjectConfigurationPlatforms) = postSolution
		{784702F6-04EA-4346-8CFF-31BEA023D2DF}.Debug|Any CPU.ActiveCfg = Debug|Any CPU
		{784702F6-04EA-4346-8CFF-31BEA023D2DF}.Debug|Any CPU.Build.0 = Debug|Any CPU
		{784702F6-04EA-4346-8CFF-31BEA023D2DF}.Release|Any CPU.ActiveCfg = Release|Any CPU
		{784702F6-04EA-4346-8CFF-31BEA023D2DF}.Release|Any CPU.Build.0 = Release|Any CPU
		{5DB08C75-7EA1-44C0-8059-BA71C50943B2}.Debug|Any CPU.ActiveCfg = Debug|Any CPU
		{5DB08C75-7EA1-44C0-8059-BA71C50943B2}.Debug|Any CPU.Build.0 = Debug|Any CPU
		{5DB08C75-7EA1-44C0-8059-BA71C50943B2}.Release|Any CPU.ActiveCfg = Release|Any CPU
		{5DB08C75-7EA1-44C0-8059-BA71C50943B2}.Release|Any CPU.Build.0 = Release|Any CPU
	EndGlobalSection
EndGlobal
